// !$*UTF8*$!
{
	archiveVersion = 1;
	classes = {
	};
	objectVersion = 48;
	objects = {

/* Begin PBXBuildFile section */
		B22D046620423D9E00684F7E /* HomeScreenVC.swift in Sources */ = {isa = PBXBuildFile; fileRef = B22D046520423D9E00684F7E /* HomeScreenVC.swift */; };
		B2A4C0FD2040F9DF00C1D05F /* PaperOnboarding.framework in Frameworks */ = {isa = PBXBuildFile; fileRef = B2A4C0FC2040F9DF00C1D05F /* PaperOnboarding.framework */; };
		B2A4C0FE2040F9DF00C1D05F /* PaperOnboarding.framework in Embed Frameworks */ = {isa = PBXBuildFile; fileRef = B2A4C0FC2040F9DF00C1D05F /* PaperOnboarding.framework */; settings = {ATTRIBUTES = (CodeSignOnCopy, RemoveHeadersOnCopy, ); }; };
		B2A4C1012040FB1700C1D05F /* OnboardingView.swift in Sources */ = {isa = PBXBuildFile; fileRef = B2A4C1002040FB1700C1D05F /* OnboardingView.swift */; };
		B2A62623203FA45200A4AB7B /* AppDelegate.swift in Sources */ = {isa = PBXBuildFile; fileRef = B2A62622203FA45200A4AB7B /* AppDelegate.swift */; };
		B2A62625203FA45200A4AB7B /* ViewController.swift in Sources */ = {isa = PBXBuildFile; fileRef = B2A62624203FA45200A4AB7B /* ViewController.swift */; };
		B2A62628203FA45200A4AB7B /* Main.storyboard in Resources */ = {isa = PBXBuildFile; fileRef = B2A62626203FA45200A4AB7B /* Main.storyboard */; };
		B2A6262A203FA45200A4AB7B /* Assets.xcassets in Resources */ = {isa = PBXBuildFile; fileRef = B2A62629203FA45200A4AB7B /* Assets.xcassets */; };
		B2A6262D203FA45200A4AB7B /* LaunchScreen.storyboard in Resources */ = {isa = PBXBuildFile; fileRef = B2A6262B203FA45200A4AB7B /* LaunchScreen.storyboard */; };
		B2C8B00B20670375000A3246 /* OahuDetailVC.swift in Sources */ = {isa = PBXBuildFile; fileRef = B2C8B00A20670375000A3246 /* OahuDetailVC.swift */; };
		B2C8B00D206706B8000A3246 /* SitesVC.swift in Sources */ = {isa = PBXBuildFile; fileRef = B2C8B00C206706B8000A3246 /* SitesVC.swift */; };
		B2C8B00F206715F0000A3246 /* sitesDetailVC.swift in Sources */ = {isa = PBXBuildFile; fileRef = B2C8B00E206715F0000A3246 /* sitesDetailVC.swift */; };
		B2C8B01120671765000A3246 /* Property List.plist in Resources */ = {isa = PBXBuildFile; fileRef = B2C8B01020671765000A3246 /* Property List.plist */; };
/* End PBXBuildFile section */

/* Begin PBXCopyFilesBuildPhase section */
		B2A4C0FF2040F9DF00C1D05F /* Embed Frameworks */ = {
			isa = PBXCopyFilesBuildPhase;
			buildActionMask = 2147483647;
			dstPath = "";
			dstSubfolderSpec = 10;
			files = (
				B2A4C0FE2040F9DF00C1D05F /* PaperOnboarding.framework in Embed Frameworks */,
			);
			name = "Embed Frameworks";
			runOnlyForDeploymentPostprocessing = 0;
		};
/* End PBXCopyFilesBuildPhase section */

/* Begin PBXFileReference section */
		B22D046520423D9E00684F7E /* HomeScreenVC.swift */ = {isa = PBXFileReference; lastKnownFileType = sourcecode.swift; path = HomeScreenVC.swift; sourceTree = "<group>"; };
		B2A4C0FC2040F9DF00C1D05F /* PaperOnboarding.framework */ = {isa = PBXFileReference; lastKnownFileType = wrapper.framework; name = PaperOnboarding.framework; path = Carthage/Build/iOS/PaperOnboarding.framework; sourceTree = "<group>"; };
		B2A4C1002040FB1700C1D05F /* OnboardingView.swift */ = {isa = PBXFileReference; lastKnownFileType = sourcecode.swift; path = OnboardingView.swift; sourceTree = "<group>"; };
		B2A6261F203FA45200A4AB7B /* ProjectMoku.app */ = {isa = PBXFileReference; explicitFileType = wrapper.application; includeInIndex = 0; path = ProjectMoku.app; sourceTree = BUILT_PRODUCTS_DIR; };
		B2A62622203FA45200A4AB7B /* AppDelegate.swift */ = {isa = PBXFileReference; lastKnownFileType = sourcecode.swift; path = AppDelegate.swift; sourceTree = "<group>"; };
		B2A62624203FA45200A4AB7B /* ViewController.swift */ = {isa = PBXFileReference; lastKnownFileType = sourcecode.swift; path = ViewController.swift; sourceTree = "<group>"; };
		B2A62627203FA45200A4AB7B /* Base */ = {isa = PBXFileReference; lastKnownFileType = file.storyboard; name = Base; path = Base.lproj/Main.storyboard; sourceTree = "<group>"; };
		B2A62629203FA45200A4AB7B /* Assets.xcassets */ = {isa = PBXFileReference; lastKnownFileType = folder.assetcatalog; path = Assets.xcassets; sourceTree = "<group>"; };
		B2A6262C203FA45200A4AB7B /* Base */ = {isa = PBXFileReference; lastKnownFileType = file.storyboard; name = Base; path = Base.lproj/LaunchScreen.storyboard; sourceTree = "<group>"; };
		B2A6262E203FA45200A4AB7B /* Info.plist */ = {isa = PBXFileReference; lastKnownFileType = text.plist.xml; path = Info.plist; sourceTree = "<group>"; };
		B2C8B00A20670375000A3246 /* OahuDetailVC.swift */ = {isa = PBXFileReference; lastKnownFileType = sourcecode.swift; path = OahuDetailVC.swift; sourceTree = "<group>"; };
		B2C8B00C206706B8000A3246 /* SitesVC.swift */ = {isa = PBXFileReference; lastKnownFileType = sourcecode.swift; path = SitesVC.swift; sourceTree = "<group>"; };
		B2C8B00E206715F0000A3246 /* sitesDetailVC.swift */ = {isa = PBXFileReference; lastKnownFileType = sourcecode.swift; path = sitesDetailVC.swift; sourceTree = "<group>"; };
		B2C8B01020671765000A3246 /* Property List.plist */ = {isa = PBXFileReference; lastKnownFileType = text.plist.xml; path = "Property List.plist"; sourceTree = "<group>"; };
/* End PBXFileReference section */

/* Begin PBXFrameworksBuildPhase section */
		B2A6261C203FA45200A4AB7B /* Frameworks */ = {
			isa = PBXFrameworksBuildPhase;
			buildActionMask = 2147483647;
			files = (
				B2A4C0FD2040F9DF00C1D05F /* PaperOnboarding.framework in Frameworks */,
			);
			runOnlyForDeploymentPostprocessing = 0;
		};
/* End PBXFrameworksBuildPhase section */

/* Begin PBXGroup section */
		B2A62616203FA45200A4AB7B = {
			isa = PBXGroup;
			children = (
				B2A4C0FC2040F9DF00C1D05F /* PaperOnboarding.framework */,
				B2A62621203FA45200A4AB7B /* ProjectMoku */,
				B2A62620203FA45200A4AB7B /* Products */,
			);
			sourceTree = "<group>";
		};
		B2A62620203FA45200A4AB7B /* Products */ = {
			isa = PBXGroup;
			children = (
				B2A6261F203FA45200A4AB7B /* ProjectMoku.app */,
			);
			name = Products;
			sourceTree = "<group>";
		};
		B2A62621203FA45200A4AB7B /* ProjectMoku */ = {
			isa = PBXGroup;
			children = (
				B2A62622203FA45200A4AB7B /* AppDelegate.swift */,
				B2A62624203FA45200A4AB7B /* ViewController.swift */,
				B2A62626203FA45200A4AB7B /* Main.storyboard */,
				B2C8B00A20670375000A3246 /* OahuDetailVC.swift */,
				B22D046520423D9E00684F7E /* HomeScreenVC.swift */,
				B2C8B01020671765000A3246 /* Property List.plist */,
				B2C8B00C206706B8000A3246 /* SitesVC.swift */,
				B2C8B00E206715F0000A3246 /* sitesDetailVC.swift */,
				B2A62629203FA45200A4AB7B /* Assets.xcassets */,
				B2A4C1002040FB1700C1D05F /* OnboardingView.swift */,
				B2A6262B203FA45200A4AB7B /* LaunchScreen.storyboard */,
				B2A6262E203FA45200A4AB7B /* Info.plist */,
			);
			path = ProjectMoku;
			sourceTree = "<group>";
		};
/* End PBXGroup section */

/* Begin PBXNativeTarget section */
		B2A6261E203FA45200A4AB7B /* ProjectMoku */ = {
			isa = PBXNativeTarget;
			buildConfigurationList = B2A62631203FA45200A4AB7B /* Build configuration list for PBXNativeTarget "ProjectMoku" */;
			buildPhases = (
				B2A6261B203FA45200A4AB7B /* Sources */,
				B2A6261C203FA45200A4AB7B /* Frameworks */,
				B2A6261D203FA45200A4AB7B /* Resources */,
				B2A4C0FF2040F9DF00C1D05F /* Embed Frameworks */,
			);
			buildRules = (
			);
			dependencies = (
			);
			name = ProjectMoku;
			productName = ProjectMoku;
			productReference = B2A6261F203FA45200A4AB7B /* ProjectMoku.app */;
			productType = "com.apple.product-type.application";
		};
/* End PBXNativeTarget section */

/* Begin PBXProject section */
		B2A62617203FA45200A4AB7B /* Project object */ = {
			isa = PBXProject;
			attributes = {
				LastSwiftUpdateCheck = 0920;
				LastUpgradeCheck = 0920;
				ORGANIZATIONNAME = Kumu;
				TargetAttributes = {
					B2A6261E203FA45200A4AB7B = {
						CreatedOnToolsVersion = 9.2;
						ProvisioningStyle = Automatic;
					};
				};
			};
			buildConfigurationList = B2A6261A203FA45200A4AB7B /* Build configuration list for PBXProject "ProjectMoku" */;
			compatibilityVersion = "Xcode 8.0";
			developmentRegion = en;
			hasScannedForEncodings = 0;
			knownRegions = (
				en,
				Base,
			);
			mainGroup = B2A62616203FA45200A4AB7B;
			productRefGroup = B2A62620203FA45200A4AB7B /* Products */;
			projectDirPath = "";
			projectRoot = "";
			targets = (
				B2A6261E203FA45200A4AB7B /* ProjectMoku */,
			);
		};
/* End PBXProject section */

/* Begin PBXResourcesBuildPhase section */
		B2A6261D203FA45200A4AB7B /* Resources */ = {
			isa = PBXResourcesBuildPhase;
			buildActionMask = 2147483647;
			files = (
				B2A6262D203FA45200A4AB7B /* LaunchScreen.storyboard in Resources */,
				B2A6262A203FA45200A4AB7B /* Assets.xcassets in Resources */,
				B2C8B01120671765000A3246 /* Property List.plist in Resources */,
				B2A62628203FA45200A4AB7B /* Main.storyboard in Resources */,
			);
			runOnlyForDeploymentPostprocessing = 0;
		};
/* End PBXResourcesBuildPhase section */

/* Begin PBXSourcesBuildPhase section */
		B2A6261B203FA45200A4AB7B /* Sources */ = {
			isa = PBXSourcesBuildPhase;
			buildActionMask = 2147483647;
			files = (
				B2A4C1012040FB1700C1D05F /* OnboardingView.swift in Sources */,
				B2C8B00F206715F0000A3246 /* sitesDetailVC.swift in Sources */,
				B2C8B00D206706B8000A3246 /* SitesVC.swift in Sources */,
				B2A62625203FA45200A4AB7B /* ViewController.swift in Sources */,
				B2A62623203FA45200A4AB7B /* AppDelegate.swift in Sources */,
				B22D046620423D9E00684F7E /* HomeScreenVC.swift in Sources */,
				B2C8B00B20670375000A3246 /* OahuDetailVC.swift in Sources */,
			);
			runOnlyForDeploymentPostprocessing = 0;
		};
/* End PBXSourcesBuildPhase section */

/* Begin PBXVariantGroup section */
		B2A62626203FA45200A4AB7B /* Main.storyboard */ = {
			isa = PBXVariantGroup;
			children = (
				B2A62627203FA45200A4AB7B /* Base */,
			);
			name = Main.storyboard;
			sourceTree = "<group>";
		};
		B2A6262B203FA45200A4AB7B /* LaunchScreen.storyboard */ = {
			isa = PBXVariantGroup;
			children = (
				B2A6262C203FA45200A4AB7B /* Base */,
			);
			name = LaunchScreen.storyboard;
			sourceTree = "<group>";
		};
/* End PBXVariantGroup section */

/* Begin XCBuildConfiguration section */
		B2A6262F203FA45200A4AB7B /* Debug */ = {
			isa = XCBuildConfiguration;
			buildSettings = {
				ALWAYS_SEARCH_USER_PATHS = NO;
				CLANG_ANALYZER_NONNULL = YES;
				CLANG_ANALYZER_NUMBER_OBJECT_CONVERSION = YES_AGGRESSIVE;
				CLANG_CXX_LANGUAGE_STANDARD = "gnu++14";
				CLANG_CXX_LIBRARY = "libc++";
				CLANG_ENABLE_MODULES = YES;
				CLANG_ENABLE_OBJC_ARC = YES;
				CLANG_WARN_BLOCK_CAPTURE_AUTORELEASING = YES;
				CLANG_WARN_BOOL_CONVERSION = YES;
				CLANG_WARN_COMMA = YES;
				CLANG_WARN_CONSTANT_CONVERSION = YES;
				CLANG_WARN_DIRECT_OBJC_ISA_USAGE = YES_ERROR;
				CLANG_WARN_DOCUMENTATION_COMMENTS = YES;
				CLANG_WARN_EMPTY_BODY = YES;
				CLANG_WARN_ENUM_CONVERSION = YES;
				CLANG_WARN_INFINITE_RECURSION = YES;
				CLANG_WARN_INT_CONVERSION = YES;
				CLANG_WARN_NON_LITERAL_NULL_CONVERSION = YES;
				CLANG_WARN_OBJC_LITERAL_CONVERSION = YES;
				CLANG_WARN_OBJC_ROOT_CLASS = YES_ERROR;
				CLANG_WARN_RANGE_LOOP_ANALYSIS = YES;
				CLANG_WARN_STRICT_PROTOTYPES = YES;
				CLANG_WARN_SUSPICIOUS_MOVE = YES;
				CLANG_WARN_UNGUARDED_AVAILABILITY = YES_AGGRESSIVE;
				CLANG_WARN_UNREACHABLE_CODE = YES;
				CLANG_WARN__DUPLICATE_METHOD_MATCH = YES;
				CODE_SIGN_IDENTITY = "iPhone Developer";
				COPY_PHASE_STRIP = NO;
				DEBUG_INFORMATION_FORMAT = dwarf;
				ENABLE_STRICT_OBJC_MSGSEND = YES;
				ENABLE_TESTABILITY = YES;
				GCC_C_LANGUAGE_STANDARD = gnu11;
				GCC_DYNAMIC_NO_PIC = NO;
				GCC_NO_COMMON_BLOCKS = YES;
				GCC_OPTIMIZATION_LEVEL = 0;
				GCC_PREPROCESSOR_DEFINITIONS = (
					"DEBUG=1",
					"$(inherited)",
				);
				GCC_WARN_64_TO_32_BIT_CONVERSION = YES;
				GCC_WARN_ABOUT_RETURN_TYPE = YES_ERROR;
				GCC_WARN_UNDECLARED_SELECTOR = YES;
				GCC_WARN_UNINITIALIZED_AUTOS = YES_AGGRESSIVE;
				GCC_WARN_UNUSED_FUNCTION = YES;
				GCC_WARN_UNUSED_VARIABLE = YES;
				IPHONEOS_DEPLOYMENT_TARGET = 11.2;
				MTL_ENABLE_DEBUG_INFO = YES;
				ONLY_ACTIVE_ARCH = YES;
				SDKROOT = iphoneos;
				SWIFT_ACTIVE_COMPILATION_CONDITIONS = DEBUG;
				SWIFT_OPTIMIZATION_LEVEL = "-Onone";
			};
			name = Debug;
		};
		B2A62630203FA45200A4AB7B /* Release */ = {
			isa = XCBuildConfiguration;
			buildSettings = {
				ALWAYS_SEARCH_USER_PATHS = NO;
				CLANG_ANALYZER_NONNULL = YES;
				CLANG_ANALYZER_NUMBER_OBJECT_CONVERSION = YES_AGGRESSIVE;
				CLANG_CXX_LANGUAGE_STANDARD = "gnu++14";
				CLANG_CXX_LIBRARY = "libc++";
				CLANG_ENABLE_MODULES = YES;
				CLANG_ENABLE_OBJC_ARC = YES;
				CLANG_WARN_BLOCK_CAPTURE_AUTORELEASING = YES;
				CLANG_WARN_BOOL_CONVERSION = YES;
				CLANG_WARN_COMMA = YES;
				CLANG_WARN_CONSTANT_CONVERSION = YES;
				CLANG_WARN_DIRECT_OBJC_ISA_USAGE = YES_ERROR;
				CLANG_WARN_DOCUMENTATION_COMMENTS = YES;
				CLANG_WARN_EMPTY_BODY = YES;
				CLANG_WARN_ENUM_CONVERSION = YES;
				CLANG_WARN_INFINITE_RECURSION = YES;
				CLANG_WARN_INT_CONVERSION = YES;
				CLANG_WARN_NON_LITERAL_NULL_CONVERSION = YES;
				CLANG_WARN_OBJC_LITERAL_CONVERSION = YES;
				CLANG_WARN_OBJC_ROOT_CLASS = YES_ERROR;
				CLANG_WARN_RANGE_LOOP_ANALYSIS = YES;
				CLANG_WARN_STRICT_PROTOTYPES = YES;
				CLANG_WARN_SUSPICIOUS_MOVE = YES;
				CLANG_WARN_UNGUARDED_AVAILABILITY = YES_AGGRESSIVE;
				CLANG_WARN_UNREACHABLE_CODE = YES;
				CLANG_WARN__DUPLICATE_METHOD_MATCH = YES;
				CODE_SIGN_IDENTITY = "iPhone Developer";
				COPY_PHASE_STRIP = NO;
				DEBUG_INFORMATION_FORMAT = "dwarf-with-dsym";
				ENABLE_NS_ASSERTIONS = NO;
				ENABLE_STRICT_OBJC_MSGSEND = YES;
				GCC_C_LANGUAGE_STANDARD = gnu11;
				GCC_NO_COMMON_BLOCKS = YES;
				GCC_WARN_64_TO_32_BIT_CONVERSION = YES;
				GCC_WARN_ABOUT_RETURN_TYPE = YES_ERROR;
				GCC_WARN_UNDECLARED_SELECTOR = YES;
				GCC_WARN_UNINITIALIZED_AUTOS = YES_AGGRESSIVE;
				GCC_WARN_UNUSED_FUNCTION = YES;
				GCC_WARN_UNUSED_VARIABLE = YES;
				IPHONEOS_DEPLOYMENT_TARGET = 11.2;
				MTL_ENABLE_DEBUG_INFO = NO;
				SDKROOT = iphoneos;
				SWIFT_OPTIMIZATION_LEVEL = "-Owholemodule";
				VALIDATE_PRODUCT = YES;
			};
			name = Release;
		};
		B2A62632203FA45200A4AB7B /* Debug */ = {
			isa = XCBuildConfiguration;
			buildSettings = {
				ASSETCATALOG_COMPILER_APPICON_NAME = AppIcon;
				CODE_SIGN_STYLE = Automatic;
				DEVELOPMENT_TEAM = RKE9UY8PW2;
				FRAMEWORK_SEARCH_PATHS = (
					"$(inherited)",
					"$(PROJECT_DIR)/Carthage/Build/iOS",
				);
				INFOPLIST_FILE = ProjectMoku/Info.plist;
				LD_RUNPATH_SEARCH_PATHS = "$(inherited) @executable_path/Frameworks";
				PRODUCT_BUNDLE_IDENTIFIER = com.MarionTest.ProjectMoku;
				PRODUCT_NAME = "$(TARGET_NAME)";
				SWIFT_VERSION = 4.0;
				TARGETED_DEVICE_FAMILY = "1,2";
			};
			name = Debug;
		};
		B2A62633203FA45200A4AB7B /* Release */ = {
			isa = XCBuildConfiguration;
			buildSettings = {
				ASSETCATALOG_COMPILER_APPICON_NAME = AppIcon;
				CODE_SIGN_STYLE = Automatic;
				DEVELOPMENT_TEAM = RKE9UY8PW2;
				FRAMEWORK_SEARCH_PATHS = (
					"$(inherited)",
					"$(PROJECT_DIR)/Carthage/Build/iOS",
				);
				INFOPLIST_FILE = ProjectMoku/Info.plist;
				LD_RUNPATH_SEARCH_PATHS = "$(inherited) @executable_path/Frameworks";
				PRODUCT_BUNDLE_IDENTIFIER = com.MarionTest.ProjectMoku;
				PRODUCT_NAME = "$(TARGET_NAME)";
				SWIFT_VERSION = 4.0;
				TARGETED_DEVICE_FAMILY = "1,2";
			};
			name = Release;
		};
/* End XCBuildConfiguration section */

/* Begin XCConfigurationList section */
		B2A6261A203FA45200A4AB7B /* Build configuration list for PBXProject "ProjectMoku" */ = {
			isa = XCConfigurationList;
			buildConfigurations = (
				B2A6262F203FA45200A4AB7B /* Debug */,
				B2A62630203FA45200A4AB7B /* Release */,
			);
			defaultConfigurationIsVisible = 0;
			defaultConfigurationName = Release;
		};
		B2A62631203FA45200A4AB7B /* Build configuration list for PBXNativeTarget "ProjectMoku" */ = {
			isa = XCConfigurationList;
			buildConfigurations = (
				B2A62632203FA45200A4AB7B /* Debug */,
				B2A62633203FA45200A4AB7B /* Release */,
			);
			defaultConfigurationIsVisible = 0;
			defaultConfigurationName = Release;
		};
/* End XCConfigurationList section */
	};
	rootObject = B2A62617203FA45200A4AB7B /* Project object */;
}
